{
  "name": "LittleFinger",
  "version": "0.1.0",
  "lockfileVersion": 1,
  "requires": true,
  "dependencies": {
    "argparse": {
      "version": "1.0.10",
      "resolved": "https://repo.dev.wixpress.com/artifactory/api/npm/npm-repos/argparse/-/argparse-1.0.10.tgz",
      "integrity": "sha1-vNZ5HqWuCXJeF+WtmIE0zUCz2RE=",
      "requires": {
        "sprintf-js": "~1.0.2"
      }
    },
    "colors": {
      "version": "1.3.3",
      "resolved": "https://repo.dev.wixpress.com/artifactory/api/npm/npm-repos/colors/-/colors-1.3.3.tgz",
      "integrity": "sha1-OeAF1Uav4B4B+cTKj6UPaGoBIF0="
    },
    "node-workers-pool": {
      "version": "1.1.3",
      "resolved": "https://repo.dev.wixpress.com/artifactory/api/npm/npm-repos/node-workers-pool/-/node-workers-pool-1.1.3.tgz",
      "integrity": "sha1-6CQxrZKSOiFC0TB7sbrSc1hZAfg="
    },
    "sprintf-js": {
      "version": "1.0.3",
      "resolved": "https://repo.dev.wixpress.com/artifactory/api/npm/npm-repos/sprintf-js/-/sprintf-js-1.0.3.tgz",
      "integrity": "sha1-BOaSb2YolTVPPdAVIDYzuFcpfiw="
    }
  }
}
